{
  "name": "es6modules",
  "version": "1.0.0",
  "lockfileVersion": 1,
  "requires": true,
  "dependencies": {
    "assignment": {
      "version": "2.0.0",
      "resolved": "https://registry.npmjs.org/assignment/-/assignment-2.0.0.tgz",
      "integrity": "sha1-/9F7Ib9dayLnd7mJaBqBVFaj3T4="
    },
    "debug": {
      "version": "2.6.9",
      "resolved": "https://registry.npmjs.org/debug/-/debug-2.6.9.tgz",
      "integrity": "sha512-bC7ElrdJaJnPbAP+1EotYvqZsb3ecl5wi6Bfi6BJTUcNowp6cvspg0jXznRTKDjm/E7AdgFBVeAPVMNcKGsHMA==",
      "requires": {
        "ms": "2.0.0"
      }
    },
    "desandro-matches-selector": {
      "version": "2.0.2",
      "resolved": "https://registry.npmjs.org/desandro-matches-selector/-/desandro-matches-selector-2.0.2.tgz",
      "integrity": "sha1-cXvu1NwT59jzdi9wem1YpndCGOE="
    },
    "ev-emitter": {
      "version": "1.1.1",
      "resolved": "https://registry.npmjs.org/ev-emitter/-/ev-emitter-1.1.1.tgz",
      "integrity": "sha512-ipiDYhdQSCZ4hSbX4rMW+XzNKMD1prg/sTvoVmSLkuQ1MVlwjJQQA+sW8tMYR3BLUr9KjodFV4pvzunvRhd33Q=="
    },
    "fizzy-ui-utils": {
      "version": "2.0.7",
      "resolved": "https://registry.npmjs.org/fizzy-ui-utils/-/fizzy-ui-utils-2.0.7.tgz",
      "integrity": "sha512-CZXDVXQ1If3/r8s0T+v+qVeMshhfcuq0rqIFgJnrtd+Bu8GmDmqMjntjUePypVtjHXKJ6V4sw9zeyox34n9aCg==",
      "requires": {
        "desandro-matches-selector": "^2.0.0"
      }
    },
    "flickity": {
      "version": "2.1.2",
      "resolved": "https://registry.npmjs.org/flickity/-/flickity-2.1.2.tgz",
      "integrity": "sha512-6IBJjkfCQ8yG6pah9rA9k4NoA9txuIf9+b3V67y70FdZK0icponlJEqseqLKuram0odKrv9ryjrBHQHgMkFfZA==",
      "requires": {
        "desandro-matches-selector": "^2.0.0",
        "ev-emitter": "^1.0.2",
        "fizzy-ui-utils": "^2.0.0",
        "get-size": "^2.0.0",
        "tap-listener": "^2.0.0",
        "unidragger": "^2.3.0"
      }
    },
    "get-size": {
      "version": "2.0.3",
      "resolved": "https://registry.npmjs.org/get-size/-/get-size-2.0.3.tgz",
      "integrity": "sha512-lXNzT/h/dTjTxRbm9BXb+SGxxzkm97h/PCIKtlN/CBCxxmkkIVV21udumMS93MuVTDX583gqc94v3RjuHmI+2Q=="
    },
    "he": {
      "version": "0.5.0",
      "resolved": "http://registry.npmjs.org/he/-/he-0.5.0.tgz",
      "integrity": "sha1-LAX/rvkLaOhg8/0rVO9YCYknfuI="
    },
    "insane": {
      "version": "2.6.2",
      "resolved": "https://registry.npmjs.org/insane/-/insane-2.6.2.tgz",
      "integrity": "sha1-wqtouz4AarRRVg0bRGkXMpwKgSA=",
      "requires": {
        "assignment": "2.0.0",
        "he": "0.5.0"
      }
    },
    "jquery": {
      "version": "3.3.1",
      "resolved": "https://registry.npmjs.org/jquery/-/jquery-3.3.1.tgz",
      "integrity": "sha512-Ubldcmxp5np52/ENotGxlLe6aGMvmF4R8S6tZjsP6Knsaxd/xp3Zrh50cG93lR6nPXyUFwzN3ZSOQI0wRJNdGg=="
    },
    "jsonp": {
      "version": "0.2.1",
      "resolved": "https://registry.npmjs.org/jsonp/-/jsonp-0.2.1.tgz",
      "integrity": "sha1-pltPoPEL2nGaBUQep7lMVfPhW64=",
      "requires": {
        "debug": "^2.1.3"
      }
    },
    "lodash": {
      "version": "4.17.11",
      "resolved": "https://registry.npmjs.org/lodash/-/lodash-4.17.11.tgz",
      "integrity": "sha512-cQKh8igo5QUhZ7lg38DYWAxMvjSAKG0A8wGSVimP07SIUEK2UO+arSRKbRZWtelMtN5V0Hkwh5ryOto/SshYIg=="
    },
    "ms": {
      "version": "2.0.0",
      "resolved": "https://registry.npmjs.org/ms/-/ms-2.0.0.tgz",
      "integrity": "sha1-VgiurfwAvmwpAd9fmGF4jeDVl8g="
    },
    "slug": {
      "version": "0.9.1",
      "resolved": "https://registry.npmjs.org/slug/-/slug-0.9.1.tgz",
      "integrity": "sha1-rwj2CKfBFRa2F3iqgA3OhMUYz9o=",
      "requires": {
        "unicode": ">= 0.3.1"
      }
    },
    "tap-listener": {
      "version": "2.0.0",
      "resolved": "https://registry.npmjs.org/tap-listener/-/tap-listener-2.0.0.tgz",
      "integrity": "sha1-0uEdDY58krJqVq5PNVOKJItErWM=",
      "requires": {
        "unipointer": "^2.1.0"
      }
    },
    "unicode": {
      "version": "11.0.1",
      "resolved": "https://registry.npmjs.org/unicode/-/unicode-11.0.1.tgz",
      "integrity": "sha512-+cHtykLb+eF1yrSLWTwcYBrqJkTfX7Quoyg7Juhe6uylF43ZbMdxMuSHNYlnyLT8T7POAvavgBthzUF9AIaQvQ=="
    },
    "unidragger": {
      "version": "2.3.0",
      "resolved": "https://registry.npmjs.org/unidragger/-/unidragger-2.3.0.tgz",
      "integrity": "sha512-dVkSqQdwcsaNmXaandBAOcJ4QVvkrDPosfCcZ7opYPkAiisCQaGlNw0pg00lBV4MQoWEXsEaiwhtQlbnvlXrQQ==",
      "requires": {
        "unipointer": "^2.3.0"
      }
    },
    "unipointer": {
      "version": "2.3.0",
      "resolved": "https://registry.npmjs.org/unipointer/-/unipointer-2.3.0.tgz",
      "integrity": "sha512-m85sAoELCZhogI1owtJV3Dva7GxkHk2lI7A0otw3o0OwCuC/Q9gi7ehddigEYIAYbhkqNdri+dU1QQkrcBvirQ==",
      "requires": {
        "ev-emitter": "^1.0.1"
      }
    }
  }
}
